
Microsoft Visual Studio Solution File, Format Version 12.00
# Visual Studio Version 16
VisualStudioVersion = 16.0.34601.136
MinimumVisualStudioVersion = 10.0.40219.1
Project("{FAE04EC0-301F-11D3-BF4B-00C04F79EFBC}") = "lab02", "lab02\lab02.csproj", "{A05CD0EF-7E0E-40ED-8228-1E126DFBF0D5}"
EndProject
Global
	GlobalSection(SolutionConfigurationPlatforms) = preSolution
		Debug|Any CPU = Debug|Any CPU
		Release|Any CPU = Release|Any CPU
	EndGlobalSection
	GlobalSection(ProjectConfigurationPlatforms) = postSolution
		{A05CD0EF-7E0E-40ED-8228-1E126DFBF0D5}.Debug|Any CPU.ActiveCfg = Debug|Any CPU
		{A05CD0EF-7E0E-40ED-8228-1E126DFBF0D5}.Debug|Any CPU.Build.0 = Debug|Any CPU
		{A05CD0EF-7E0E-40ED-8228-1E126DFBF0D5}.Release|Any CPU.ActiveCfg = Release|Any CPU
		{A05CD0EF-7E0E-40ED-8228-1E126DFBF0D5}.Release|Any CPU.Build.0 = Release|Any CPU
	EndGlobalSection
	GlobalSection(SolutionProperties) = preSolution
		HideSolutionNode = FALSE
	EndGlobalSection
	GlobalSection(ExtensibilityGlobals) = postSolution
		SolutionGuid = {42E2880A-A327-4E5E-81C0-3AE4F8D30D17}
	EndGlobalSection
EndGlobal
